
Microsoft Visual Studio Solution File, Format Version 12.00
# Visual Studio Version 16
VisualStudioVersion = 16.0.31424.327
MinimumVisualStudioVersion = 10.0.40219.1
Project("{FAE04EC0-301F-11D3-BF4B-00C04F79EFBC}") = "Soma nota de aluno", "Soma nota de aluno\Soma nota de aluno.csproj", "{AEE99EA4-B0CC-42BE-A6B5-7E012EFD49D2}"
EndProject
Global
	GlobalSection(SolutionConfigurationPlatforms) = preSolution
		Debug|Any CPU = Debug|Any CPU
		Release|Any CPU = Release|Any CPU
	EndGlobalSection
	GlobalSection(ProjectConfigurationPlatforms) = postSolution
		{AEE99EA4-B0CC-42BE-A6B5-7E012EFD49D2}.Debug|Any CPU.ActiveCfg = Debug|Any CPU
		{AEE99EA4-B0CC-42BE-A6B5-7E012EFD49D2}.Debug|Any CPU.Build.0 = Debug|Any CPU
		{AEE99EA4-B0CC-42BE-A6B5-7E012EFD49D2}.Release|Any CPU.ActiveCfg = Release|Any CPU
		{AEE99EA4-B0CC-42BE-A6B5-7E012EFD49D2}.Release|Any CPU.Build.0 = Release|Any CPU
	EndGlobalSection
	GlobalSection(SolutionProperties) = preSolution
		HideSolutionNode = FALSE
	EndGlobalSection
	GlobalSection(ExtensibilityGlobals) = postSolution
		SolutionGuid = {72049B1D-C801-440A-8E35-2FE584BE564B}
	EndGlobalSection
EndGlobal
